// !$*UTF8*$!
{
	archiveVersion = 1;
	classes = {
	};
	objectVersion = 45;
	objects = {

/* Begin PBXBuildFile section */
		1D3623260D0F684500981E51 /* InfocusController_iOSClientAppDelegate.m in Sources */ = {isa = PBXBuildFile; fileRef = 1D3623250D0F684500981E51 /* InfocusController_iOSClientAppDelegate.m */; };
		1D60589B0D05DD56006BFB54 /* main.m in Sources */ = {isa = PBXBuildFile; fileRef = 29B97316FDCFA39411CA2CEA /* main.m */; };
		1D60589F0D05DD5A006BFB54 /* Foundation.framework in Frameworks */ = {isa = PBXBuildFile; fileRef = 1D30AB110D05D00D00671497 /* Foundation.framework */; };
		1DF5F4E00D08C38300B7A737 /* UIKit.framework in Frameworks */ = {isa = PBXBuildFile; fileRef = 1DF5F4DF0D08C38300B7A737 /* UIKit.framework */; };
		288765FD0DF74451002DB57D /* CoreGraphics.framework in Frameworks */ = {isa = PBXBuildFile; fileRef = 288765FC0DF74451002DB57D /* CoreGraphics.framework */; };
		28AD733F0D9D9553002E5188 /* MainWindow.xib in Resources */ = {isa = PBXBuildFile; fileRef = 28AD733E0D9D9553002E5188 /* MainWindow.xib */; };
		EE7A6C8D126CB77A003AC568 /* CDataScanner.m in Sources */ = {isa = PBXBuildFile; fileRef = EE7A6C7C126CB77A003AC568 /* CDataScanner.m */; };
		EE7A6C8E126CB77A003AC568 /* CDataScanner_Extensions.m in Sources */ = {isa = PBXBuildFile; fileRef = EE7A6C7F126CB77A003AC568 /* CDataScanner_Extensions.m */; };
		EE7A6C8F126CB77A003AC568 /* NSCharacterSet_Extensions.m in Sources */ = {isa = PBXBuildFile; fileRef = EE7A6C81126CB77A003AC568 /* NSCharacterSet_Extensions.m */; };
		EE7A6C90126CB77A003AC568 /* NSDictionary_JSONExtensions.m in Sources */ = {isa = PBXBuildFile; fileRef = EE7A6C83126CB77A003AC568 /* NSDictionary_JSONExtensions.m */; };
		EE7A6C91126CB77A003AC568 /* NSScanner_Extensions.m in Sources */ = {isa = PBXBuildFile; fileRef = EE7A6C85126CB77A003AC568 /* NSScanner_Extensions.m */; };
		EE7A6C92126CB77A003AC568 /* CJSONDeserializer.m in Sources */ = {isa = PBXBuildFile; fileRef = EE7A6C88126CB77A003AC568 /* CJSONDeserializer.m */; };
		EE7A6C93126CB77A003AC568 /* CJSONScanner.m in Sources */ = {isa = PBXBuildFile; fileRef = EE7A6C8A126CB77A003AC568 /* CJSONScanner.m */; };
		EE7A6C94126CB77A003AC568 /* CJSONSerializer.m in Sources */ = {isa = PBXBuildFile; fileRef = EE7A6C8C126CB77A003AC568 /* CJSONSerializer.m */; };
		EE7A6E26126CD2EC003AC568 /* ProjectorViewController.m in Sources */ = {isa = PBXBuildFile; fileRef = EE7A6E25126CD2EC003AC568 /* ProjectorViewController.m */; };
		EE7A6E2B126CD309003AC568 /* SettingsViewController.m in Sources */ = {isa = PBXBuildFile; fileRef = EE7A6E2A126CD309003AC568 /* SettingsViewController.m */; };
		EE7A6FEA126CE46F003AC568 /* ikona.png in Resources */ = {isa = PBXBuildFile; fileRef = EE7A6FE9126CE46F003AC568 /* ikona.png */; };
		EE7A7016126CE6A2003AC568 /* Default.png in Resources */ = {isa = PBXBuildFile; fileRef = EE7A7015126CE6A2003AC568 /* Default.png */; };
		EE7A701D126CE7B4003AC568 /* control.png in Resources */ = {isa = PBXBuildFile; fileRef = EE7A701B126CE7B4003AC568 /* control.png */; };
		EE7A701E126CE7B4003AC568 /* settings.jpg in Resources */ = {isa = PBXBuildFile; fileRef = EE7A701C126CE7B4003AC568 /* settings.jpg */; };
		EE7A7021126CE80A003AC568 /* remote_control.png in Resources */ = {isa = PBXBuildFile; fileRef = EE7A7020126CE80A003AC568 /* remote_control.png */; };
/* End PBXBuildFile section */

/* Begin PBXFileReference section */
		1D30AB110D05D00D00671497 /* Foundation.framework */ = {isa = PBXFileReference; lastKnownFileType = wrapper.framework; name = Foundation.framework; path = System/Library/Frameworks/Foundation.framework; sourceTree = SDKROOT; };
		1D3623240D0F684500981E51 /* InfocusController_iOSClientAppDelegate.h */ = {isa = PBXFileReference; fileEncoding = 4; lastKnownFileType = sourcecode.c.h; path = InfocusController_iOSClientAppDelegate.h; sourceTree = "<group>"; };
		1D3623250D0F684500981E51 /* InfocusController_iOSClientAppDelegate.m */ = {isa = PBXFileReference; fileEncoding = 4; lastKnownFileType = sourcecode.c.objc; path = InfocusController_iOSClientAppDelegate.m; sourceTree = "<group>"; };
		1D6058910D05DD3D006BFB54 /* InfocusController_iOSClient.app */ = {isa = PBXFileReference; explicitFileType = wrapper.application; includeInIndex = 0; path = InfocusController_iOSClient.app; sourceTree = BUILT_PRODUCTS_DIR; };
		1DF5F4DF0D08C38300B7A737 /* UIKit.framework */ = {isa = PBXFileReference; lastKnownFileType = wrapper.framework; name = UIKit.framework; path = System/Library/Frameworks/UIKit.framework; sourceTree = SDKROOT; };
		288765FC0DF74451002DB57D /* CoreGraphics.framework */ = {isa = PBXFileReference; lastKnownFileType = wrapper.framework; name = CoreGraphics.framework; path = System/Library/Frameworks/CoreGraphics.framework; sourceTree = SDKROOT; };
		28AD733E0D9D9553002E5188 /* MainWindow.xib */ = {isa = PBXFileReference; lastKnownFileType = file.xib; path = MainWindow.xib; sourceTree = "<group>"; };
		29B97316FDCFA39411CA2CEA /* main.m */ = {isa = PBXFileReference; fileEncoding = 4; lastKnownFileType = sourcecode.c.objc; path = main.m; sourceTree = "<group>"; };
		32CA4F630368D1EE00C91783 /* InfocusController_iOSClient_Prefix.pch */ = {isa = PBXFileReference; fileEncoding = 4; lastKnownFileType = sourcecode.c.h; path = InfocusController_iOSClient_Prefix.pch; sourceTree = "<group>"; };
		8D1107310486CEB800E47090 /* InfocusController_iOSClient-Info.plist */ = {isa = PBXFileReference; fileEncoding = 4; lastKnownFileType = text.plist.xml; path = "InfocusController_iOSClient-Info.plist"; plistStructureDefinitionIdentifier = "com.apple.xcode.plist.structure-definition.iphone.info-plist"; sourceTree = "<group>"; };
		EE7A6C7B126CB77A003AC568 /* CDataScanner.h */ = {isa = PBXFileReference; fileEncoding = 4; lastKnownFileType = sourcecode.c.h; path = CDataScanner.h; sourceTree = "<group>"; };
		EE7A6C7C126CB77A003AC568 /* CDataScanner.m */ = {isa = PBXFileReference; fileEncoding = 4; lastKnownFileType = sourcecode.c.objc; path = CDataScanner.m; sourceTree = "<group>"; };
		EE7A6C7E126CB77A003AC568 /* CDataScanner_Extensions.h */ = {isa = PBXFileReference; fileEncoding = 4; lastKnownFileType = sourcecode.c.h; path = CDataScanner_Extensions.h; sourceTree = "<group>"; };
		EE7A6C7F126CB77A003AC568 /* CDataScanner_Extensions.m */ = {isa = PBXFileReference; fileEncoding = 4; lastKnownFileType = sourcecode.c.objc; path = CDataScanner_Extensions.m; sourceTree = "<group>"; };
		EE7A6C80126CB77A003AC568 /* NSCharacterSet_Extensions.h */ = {isa = PBXFileReference; fileEncoding = 4; lastKnownFileType = sourcecode.c.h; path = NSCharacterSet_Extensions.h; sourceTree = "<group>"; };
		EE7A6C81126CB77A003AC568 /* NSCharacterSet_Extensions.m */ = {isa = PBXFileReference; fileEncoding = 4; lastKnownFileType = sourcecode.c.objc; path = NSCharacterSet_Extensions.m; sourceTree = "<group>"; };
		EE7A6C82126CB77A003AC568 /* NSDictionary_JSONExtensions.h */ = {isa = PBXFileReference; fileEncoding = 4; lastKnownFileType = sourcecode.c.h; path = NSDictionary_JSONExtensions.h; sourceTree = "<group>"; };
		EE7A6C83126CB77A003AC568 /* NSDictionary_JSONExtensions.m */ = {isa = PBXFileReference; fileEncoding = 4; lastKnownFileType = sourcecode.c.objc; path = NSDictionary_JSONExtensions.m; sourceTree = "<group>"; };
		EE7A6C84126CB77A003AC568 /* NSScanner_Extensions.h */ = {isa = PBXFileReference; fileEncoding = 4; lastKnownFileType = sourcecode.c.h; path = NSScanner_Extensions.h; sourceTree = "<group>"; };
		EE7A6C85126CB77A003AC568 /* NSScanner_Extensions.m */ = {isa = PBXFileReference; fileEncoding = 4; lastKnownFileType = sourcecode.c.objc; path = NSScanner_Extensions.m; sourceTree = "<group>"; };
		EE7A6C87126CB77A003AC568 /* CJSONDeserializer.h */ = {isa = PBXFileReference; fileEncoding = 4; lastKnownFileType = sourcecode.c.h; path = CJSONDeserializer.h; sourceTree = "<group>"; };
		EE7A6C88126CB77A003AC568 /* CJSONDeserializer.m */ = {isa = PBXFileReference; fileEncoding = 4; lastKnownFileType = sourcecode.c.objc; path = CJSONDeserializer.m; sourceTree = "<group>"; };
		EE7A6C89126CB77A003AC568 /* CJSONScanner.h */ = {isa = PBXFileReference; fileEncoding = 4; lastKnownFileType = sourcecode.c.h; path = CJSONScanner.h; sourceTree = "<group>"; };
		EE7A6C8A126CB77A003AC568 /* CJSONScanner.m */ = {isa = PBXFileReference; fileEncoding = 4; lastKnownFileType = sourcecode.c.objc; path = CJSONScanner.m; sourceTree = "<group>"; };
		EE7A6C8B126CB77A003AC568 /* CJSONSerializer.h */ = {isa = PBXFileReference; fileEncoding = 4; lastKnownFileType = sourcecode.c.h; path = CJSONSerializer.h; sourceTree = "<group>"; };
		EE7A6C8C126CB77A003AC568 /* CJSONSerializer.m */ = {isa = PBXFileReference; fileEncoding = 4; lastKnownFileType = sourcecode.c.objc; path = CJSONSerializer.m; sourceTree = "<group>"; };
		EE7A6E24126CD2EC003AC568 /* ProjectorViewController.h */ = {isa = PBXFileReference; fileEncoding = 4; lastKnownFileType = sourcecode.c.h; path = ProjectorViewController.h; sourceTree = "<group>"; };
		EE7A6E25126CD2EC003AC568 /* ProjectorViewController.m */ = {isa = PBXFileReference; fileEncoding = 4; lastKnownFileType = sourcecode.c.objc; path = ProjectorViewController.m; sourceTree = "<group>"; };
		EE7A6E29126CD309003AC568 /* SettingsViewController.h */ = {isa = PBXFileReference; fileEncoding = 4; lastKnownFileType = sourcecode.c.h; path = SettingsViewController.h; sourceTree = "<group>"; };
		EE7A6E2A126CD309003AC568 /* SettingsViewController.m */ = {isa = PBXFileReference; fileEncoding = 4; lastKnownFileType = sourcecode.c.objc; path = SettingsViewController.m; sourceTree = "<group>"; };
		EE7A6FE9126CE46F003AC568 /* ikona.png */ = {isa = PBXFileReference; lastKnownFileType = image.png; path = ikona.png; sourceTree = "<group>"; };
		EE7A7015126CE6A2003AC568 /* Default.png */ = {isa = PBXFileReference; lastKnownFileType = image.png; path = Default.png; sourceTree = "<group>"; };
		EE7A701B126CE7B4003AC568 /* control.png */ = {isa = PBXFileReference; lastKnownFileType = image.png; path = control.png; sourceTree = "<group>"; };
		EE7A701C126CE7B4003AC568 /* settings.jpg */ = {isa = PBXFileReference; lastKnownFileType = image.jpeg; path = settings.jpg; sourceTree = "<group>"; };
		EE7A7020126CE80A003AC568 /* remote_control.png */ = {isa = PBXFileReference; lastKnownFileType = image.png; path = remote_control.png; sourceTree = "<group>"; };
/* End PBXFileReference section */

/* Begin PBXFrameworksBuildPhase section */
		1D60588F0D05DD3D006BFB54 /* Frameworks */ = {
			isa = PBXFrameworksBuildPhase;
			buildActionMask = 2147483647;
			files = (
				1D60589F0D05DD5A006BFB54 /* Foundation.framework in Frameworks */,
				1DF5F4E00D08C38300B7A737 /* UIKit.framework in Frameworks */,
				288765FD0DF74451002DB57D /* CoreGraphics.framework in Frameworks */,
			);
			runOnlyForDeploymentPostprocessing = 0;
		};
/* End PBXFrameworksBuildPhase section */

/* Begin PBXGroup section */
		080E96DDFE201D6D7F000001 /* Classes */ = {
			isa = PBXGroup;
			children = (
				EE7A6E3F126CD3E2003AC568 /* ViewControllers */,
				EE7A6C7A126CB77A003AC568 /* TouchJSON */,
				1D3623240D0F684500981E51 /* InfocusController_iOSClientAppDelegate.h */,
				1D3623250D0F684500981E51 /* InfocusController_iOSClientAppDelegate.m */,
			);
			path = Classes;
			sourceTree = "<group>";
		};
		19C28FACFE9D520D11CA2CBB /* Products */ = {
			isa = PBXGroup;
			children = (
				1D6058910D05DD3D006BFB54 /* InfocusController_iOSClient.app */,
			);
			name = Products;
			sourceTree = "<group>";
		};
		29B97314FDCFA39411CA2CEA /* CustomTemplate */ = {
			isa = PBXGroup;
			children = (
				080E96DDFE201D6D7F000001 /* Classes */,
				29B97315FDCFA39411CA2CEA /* Other Sources */,
				29B97317FDCFA39411CA2CEA /* Resources */,
				29B97323FDCFA39411CA2CEA /* Frameworks */,
				19C28FACFE9D520D11CA2CBB /* Products */,
			);
			name = CustomTemplate;
			sourceTree = "<group>";
		};
		29B97315FDCFA39411CA2CEA /* Other Sources */ = {
			isa = PBXGroup;
			children = (
				32CA4F630368D1EE00C91783 /* InfocusController_iOSClient_Prefix.pch */,
				29B97316FDCFA39411CA2CEA /* main.m */,
			);
			name = "Other Sources";
			sourceTree = "<group>";
		};
		29B97317FDCFA39411CA2CEA /* Resources */ = {
			isa = PBXGroup;
			children = (
				EE7A7020126CE80A003AC568 /* remote_control.png */,
				EE7A701B126CE7B4003AC568 /* control.png */,
				EE7A701C126CE7B4003AC568 /* settings.jpg */,
				EE7A7015126CE6A2003AC568 /* Default.png */,
				EE7A6FE9126CE46F003AC568 /* ikona.png */,
				28AD733E0D9D9553002E5188 /* MainWindow.xib */,
				8D1107310486CEB800E47090 /* InfocusController_iOSClient-Info.plist */,
			);
			name = Resources;
			sourceTree = "<group>";
		};
		29B97323FDCFA39411CA2CEA /* Frameworks */ = {
			isa = PBXGroup;
			children = (
				1DF5F4DF0D08C38300B7A737 /* UIKit.framework */,
				1D30AB110D05D00D00671497 /* Foundation.framework */,
				288765FC0DF74451002DB57D /* CoreGraphics.framework */,
			);
			name = Frameworks;
			sourceTree = "<group>";
		};
		EE7A6C7A126CB77A003AC568 /* TouchJSON */ = {
			isa = PBXGroup;
			children = (
				EE7A6C7B126CB77A003AC568 /* CDataScanner.h */,
				EE7A6C7C126CB77A003AC568 /* CDataScanner.m */,
				EE7A6C7D126CB77A003AC568 /* Extensions */,
				EE7A6C86126CB77A003AC568 /* JSON */,
			);
			path = TouchJSON;
			sourceTree = "<group>";
		};
		EE7A6C7D126CB77A003AC568 /* Extensions */ = {
			isa = PBXGroup;
			children = (
				EE7A6C7E126CB77A003AC568 /* CDataScanner_Extensions.h */,
				EE7A6C7F126CB77A003AC568 /* CDataScanner_Extensions.m */,
				EE7A6C80126CB77A003AC568 /* NSCharacterSet_Extensions.h */,
				EE7A6C81126CB77A003AC568 /* NSCharacterSet_Extensions.m */,
				EE7A6C82126CB77A003AC568 /* NSDictionary_JSONExtensions.h */,
				EE7A6C83126CB77A003AC568 /* NSDictionary_JSONExtensions.m */,
				EE7A6C84126CB77A003AC568 /* NSScanner_Extensions.h */,
				EE7A6C85126CB77A003AC568 /* NSScanner_Extensions.m */,
			);
			path = Extensions;
			sourceTree = "<group>";
		};
		EE7A6C86126CB77A003AC568 /* JSON */ = {
			isa = PBXGroup;
			children = (
				EE7A6C87126CB77A003AC568 /* CJSONDeserializer.h */,
				EE7A6C88126CB77A003AC568 /* CJSONDeserializer.m */,
				EE7A6C89126CB77A003AC568 /* CJSONScanner.h */,
				EE7A6C8A126CB77A003AC568 /* CJSONScanner.m */,
				EE7A6C8B126CB77A003AC568 /* CJSONSerializer.h */,
				EE7A6C8C126CB77A003AC568 /* CJSONSerializer.m */,
			);
			path = JSON;
			sourceTree = "<group>";
		};
		EE7A6E3F126CD3E2003AC568 /* ViewControllers */ = {
			isa = PBXGroup;
			children = (
				EE7A6E24126CD2EC003AC568 /* ProjectorViewController.h */,
				EE7A6E25126CD2EC003AC568 /* ProjectorViewController.m */,
				EE7A6E29126CD309003AC568 /* SettingsViewController.h */,
				EE7A6E2A126CD309003AC568 /* SettingsViewController.m */,
			);
			name = ViewControllers;
			sourceTree = "<group>";
		};
/* End PBXGroup section */

/* Begin PBXNativeTarget section */
		1D6058900D05DD3D006BFB54 /* InfocusController_iOSClient */ = {
			isa = PBXNativeTarget;
			buildConfigurationList = 1D6058960D05DD3E006BFB54 /* Build configuration list for PBXNativeTarget "InfocusController_iOSClient" */;
			buildPhases = (
				1D60588D0D05DD3D006BFB54 /* Resources */,
				1D60588E0D05DD3D006BFB54 /* Sources */,
				1D60588F0D05DD3D006BFB54 /* Frameworks */,
			);
			buildRules = (
			);
			dependencies = (
			);
			name = InfocusController_iOSClient;
			productName = InfocusController_iOSClient;
			productReference = 1D6058910D05DD3D006BFB54 /* InfocusController_iOSClient.app */;
			productType = "com.apple.product-type.application";
		};
/* End PBXNativeTarget section */

/* Begin PBXProject section */
		29B97313FDCFA39411CA2CEA /* Project object */ = {
			isa = PBXProject;
			buildConfigurationList = C01FCF4E08A954540054247B /* Build configuration list for PBXProject "InfocusController_iOSClient" */;
			compatibilityVersion = "Xcode 3.1";
			hasScannedForEncodings = 1;
			mainGroup = 29B97314FDCFA39411CA2CEA /* CustomTemplate */;
			projectDirPath = "";
			projectRoot = "";
			targets = (
				1D6058900D05DD3D006BFB54 /* InfocusController_iOSClient */,
			);
		};
/* End PBXProject section */

/* Begin PBXResourcesBuildPhase section */
		1D60588D0D05DD3D006BFB54 /* Resources */ = {
			isa = PBXResourcesBuildPhase;
			buildActionMask = 2147483647;
			files = (
				28AD733F0D9D9553002E5188 /* MainWindow.xib in Resources */,
				EE7A6FEA126CE46F003AC568 /* ikona.png in Resources */,
				EE7A7016126CE6A2003AC568 /* Default.png in Resources */,
				EE7A701D126CE7B4003AC568 /* control.png in Resources */,
				EE7A701E126CE7B4003AC568 /* settings.jpg in Resources */,
				EE7A7021126CE80A003AC568 /* remote_control.png in Resources */,
			);
			runOnlyForDeploymentPostprocessing = 0;
		};
/* End PBXResourcesBuildPhase section */

/* Begin PBXSourcesBuildPhase section */
		1D60588E0D05DD3D006BFB54 /* Sources */ = {
			isa = PBXSourcesBuildPhase;
			buildActionMask = 2147483647;
			files = (
				1D60589B0D05DD56006BFB54 /* main.m in Sources */,
				1D3623260D0F684500981E51 /* InfocusController_iOSClientAppDelegate.m in Sources */,
				EE7A6C8D126CB77A003AC568 /* CDataScanner.m in Sources */,
				EE7A6C8E126CB77A003AC568 /* CDataScanner_Extensions.m in Sources */,
				EE7A6C8F126CB77A003AC568 /* NSCharacterSet_Extensions.m in Sources */,
				EE7A6C90126CB77A003AC568 /* NSDictionary_JSONExtensions.m in Sources */,
				EE7A6C91126CB77A003AC568 /* NSScanner_Extensions.m in Sources */,
				EE7A6C92126CB77A003AC568 /* CJSONDeserializer.m in Sources */,
				EE7A6C93126CB77A003AC568 /* CJSONScanner.m in Sources */,
				EE7A6C94126CB77A003AC568 /* CJSONSerializer.m in Sources */,
				EE7A6E26126CD2EC003AC568 /* ProjectorViewController.m in Sources */,
				EE7A6E2B126CD309003AC568 /* SettingsViewController.m in Sources */,
			);
			runOnlyForDeploymentPostprocessing = 0;
		};
/* End PBXSourcesBuildPhase section */

/* Begin XCBuildConfiguration section */
		1D6058940D05DD3E006BFB54 /* Debug */ = {
			isa = XCBuildConfiguration;
			buildSettings = {
				ALWAYS_SEARCH_USER_PATHS = NO;
				COPY_PHASE_STRIP = NO;
				GCC_DYNAMIC_NO_PIC = NO;
				GCC_OPTIMIZATION_LEVEL = 0;
				GCC_PRECOMPILE_PREFIX_HEADER = YES;
				GCC_PREFIX_HEADER = InfocusController_iOSClient_Prefix.pch;
				INFOPLIST_FILE = "InfocusController_iOSClient-Info.plist";
				PRODUCT_NAME = InfocusController_iOSClient;
			};
			name = Debug;
		};
		1D6058950D05DD3E006BFB54 /* Release */ = {
			isa = XCBuildConfiguration;
			buildSettings = {
				ALWAYS_SEARCH_USER_PATHS = NO;
				COPY_PHASE_STRIP = YES;
				GCC_PRECOMPILE_PREFIX_HEADER = YES;
				GCC_PREFIX_HEADER = InfocusController_iOSClient_Prefix.pch;
				INFOPLIST_FILE = "InfocusController_iOSClient-Info.plist";
				PRODUCT_NAME = InfocusController_iOSClient;
				VALIDATE_PRODUCT = YES;
			};
			name = Release;
		};
		C01FCF4F08A954540054247B /* Debug */ = {
			isa = XCBuildConfiguration;
			buildSettings = {
				ARCHS = "$(ARCHS_STANDARD_32_BIT)";
				"CODE_SIGN_IDENTITY[sdk=iphoneos*]" = "iPhone Developer";
				GCC_C_LANGUAGE_STANDARD = c99;
				GCC_WARN_ABOUT_RETURN_TYPE = YES;
				GCC_WARN_UNUSED_VARIABLE = YES;
				IPHONEOS_DEPLOYMENT_TARGET = 3.0;
				PREBINDING = NO;
				PRODUCT_NAME = "Infocus X9";
				SDKROOT = iphoneos4.0;
			};
			name = Debug;
		};
		C01FCF5008A954540054247B /* Release */ = {
			isa = XCBuildConfiguration;
			buildSettings = {
				ARCHS = "$(ARCHS_STANDARD_32_BIT)";
				"CODE_SIGN_IDENTITY[sdk=iphoneos*]" = "iPhone Developer";
				GCC_C_LANGUAGE_STANDARD = c99;
				GCC_WARN_ABOUT_RETURN_TYPE = YES;
				GCC_WARN_UNUSED_VARIABLE = YES;
				IPHONEOS_DEPLOYMENT_TARGET = 3.0;
				OTHER_CFLAGS = "-DNS_BLOCK_ASSERTIONS=1";
				PREBINDING = NO;
				PRODUCT_NAME = "Infocus X9";
				SDKROOT = iphoneos4.0;
			};
			name = Release;
		};
/* End XCBuildConfiguration section */

/* Begin XCConfigurationList section */
		1D6058960D05DD3E006BFB54 /* Build configuration list for PBXNativeTarget "InfocusController_iOSClient" */ = {
			isa = XCConfigurationList;
			buildConfigurations = (
				1D6058940D05DD3E006BFB54 /* Debug */,
				1D6058950D05DD3E006BFB54 /* Release */,
			);
			defaultConfigurationIsVisible = 0;
			defaultConfigurationName = Release;
		};
		C01FCF4E08A954540054247B /* Build configuration list for PBXProject "InfocusController_iOSClient" */ = {
			isa = XCConfigurationList;
			buildConfigurations = (
				C01FCF4F08A954540054247B /* Debug */,
				C01FCF5008A954540054247B /* Release */,
			);
			defaultConfigurationIsVisible = 0;
			defaultConfigurationName = Release;
		};
/* End XCConfigurationList section */
	};
	rootObject = 29B97313FDCFA39411CA2CEA /* Project object */;
}
